
Microsoft Visual Studio Solution File, Format Version 12.00
# Visual Studio Version 16
VisualStudioVersion = 16.0.31624.102
MinimumVisualStudioVersion = 10.0.40219.1
Project("{FAE04EC0-301F-11D3-BF4B-00C04F79EFBC}") = "GreatestCommonFactor.Lib", "GreatestCommonFactor.Lib\GreatestCommonFactor.Lib.csproj", "{521BB651-92B3-4DF5-80A0-DF827378DCAF}"
EndProject
Project("{FAE04EC0-301F-11D3-BF4B-00C04F79EFBC}") = "GreatestCommonFactor.Tests", "GreatestCommonFactor.Tests\GreatestCommonFactor.Tests.csproj", "{CD43B8FB-4D1A-4555-BFDA-2EBEB6FAC5F3}"
EndProject
Project("{FAE04EC0-301F-11D3-BF4B-00C04F79EFBC}") = "GreatestCommonFactor.UI", "GreatestCommonFactor.UI\GreatestCommonFactor.UI.csproj", "{2984238A-4977-46ED-9B7D-9B8B43C581E5}"
EndProject
Global
	GlobalSection(SolutionConfigurationPlatforms) = preSolution
		Debug|Any CPU = Debug|Any CPU
		Release|Any CPU = Release|Any CPU
	EndGlobalSection
	GlobalSection(ProjectConfigurationPlatforms) = postSolution
		{521BB651-92B3-4DF5-80A0-DF827378DCAF}.Debug|Any CPU.ActiveCfg = Debug|Any CPU
		{521BB651-92B3-4DF5-80A0-DF827378DCAF}.Debug|Any CPU.Build.0 = Debug|Any CPU
		{521BB651-92B3-4DF5-80A0-DF827378DCAF}.Release|Any CPU.ActiveCfg = Release|Any CPU
		{521BB651-92B3-4DF5-80A0-DF827378DCAF}.Release|Any CPU.Build.0 = Release|Any CPU
		{CD43B8FB-4D1A-4555-BFDA-2EBEB6FAC5F3}.Debug|Any CPU.ActiveCfg = Debug|Any CPU
		{CD43B8FB-4D1A-4555-BFDA-2EBEB6FAC5F3}.Debug|Any CPU.Build.0 = Debug|Any CPU
		{CD43B8FB-4D1A-4555-BFDA-2EBEB6FAC5F3}.Release|Any CPU.ActiveCfg = Release|Any CPU
		{CD43B8FB-4D1A-4555-BFDA-2EBEB6FAC5F3}.Release|Any CPU.Build.0 = Release|Any CPU
		{2984238A-4977-46ED-9B7D-9B8B43C581E5}.Debug|Any CPU.ActiveCfg = Debug|Any CPU
		{2984238A-4977-46ED-9B7D-9B8B43C581E5}.Debug|Any CPU.Build.0 = Debug|Any CPU
		{2984238A-4977-46ED-9B7D-9B8B43C581E5}.Release|Any CPU.ActiveCfg = Release|Any CPU
		{2984238A-4977-46ED-9B7D-9B8B43C581E5}.Release|Any CPU.Build.0 = Release|Any CPU
	EndGlobalSection
	GlobalSection(SolutionProperties) = preSolution
		HideSolutionNode = FALSE
	EndGlobalSection
	GlobalSection(ExtensibilityGlobals) = postSolution
		SolutionGuid = {62CD66D6-32F0-49E6-8FC5-66233562575A}
	EndGlobalSection
EndGlobal
